// !$*UTF8*$!
{
	archiveVersion = 1;
	classes = {
	};
	objectVersion = 50;
	objects = {

/* Begin PBXBuildFile section */
		8D00E66F2374A21700DD72FA /* AppDelegate.swift in Sources */ = {isa = PBXBuildFile; fileRef = 8D00E66E2374A21700DD72FA /* AppDelegate.swift */; };
		8D00E6712374A21700DD72FA /* SceneDelegate.swift in Sources */ = {isa = PBXBuildFile; fileRef = 8D00E6702374A21700DD72FA /* SceneDelegate.swift */; };
		8D00E6732374A21700DD72FA /* ViewController.swift in Sources */ = {isa = PBXBuildFile; fileRef = 8D00E6722374A21700DD72FA /* ViewController.swift */; };
		8D00E6762374A21700DD72FA /* Main.storyboard in Resources */ = {isa = PBXBuildFile; fileRef = 8D00E6742374A21700DD72FA /* Main.storyboard */; };
		8D00E6782374A21900DD72FA /* Assets.xcassets in Resources */ = {isa = PBXBuildFile; fileRef = 8D00E6772374A21900DD72FA /* Assets.xcassets */; };
		8D00E67B2374A21900DD72FA /* LaunchScreen.storyboard in Resources */ = {isa = PBXBuildFile; fileRef = 8D00E6792374A21900DD72FA /* LaunchScreen.storyboard */; };
/* End PBXBuildFile section */

/* Begin PBXFileReference section */
		8D00E66B2374A21700DD72FA /* AutolayoutLab.app */ = {isa = PBXFileReference; explicitFileType = wrapper.application; includeInIndex = 0; path = AutolayoutLab.app; sourceTree = BUILT_PRODUCTS_DIR; };
		8D00E66E2374A21700DD72FA /* AppDelegate.swift */ = {isa = PBXFileReference; lastKnownFileType = sourcecode.swift; path = AppDelegate.swift; sourceTree = "<group>"; };
		8D00E6702374A21700DD72FA /* SceneDelegate.swift */ = {isa = PBXFileReference; lastKnownFileType = sourcecode.swift; path = SceneDelegate.swift; sourceTree = "<group>"; };
		8D00E6722374A21700DD72FA /* ViewController.swift */ = {isa = PBXFileReference; lastKnownFileType = sourcecode.swift; path = ViewController.swift; sourceTree = "<group>"; };
		8D00E6752374A21700DD72FA /* Base */ = {isa = PBXFileReference; lastKnownFileType = file.storyboard; name = Base; path = Base.lproj/Main.storyboard; sourceTree = "<group>"; };
		8D00E6772374A21900DD72FA /* Assets.xcassets */ = {isa = PBXFileReference; lastKnownFileType = folder.assetcatalog; path = Assets.xcassets; sourceTree = "<group>"; };
		8D00E67A2374A21900DD72FA /* Base */ = {isa = PBXFileReference; lastKnownFileType = file.storyboard; name = Base; path = Base.lproj/LaunchScreen.storyboard; sourceTree = "<group>"; };
		8D00E67C2374A21900DD72FA /* Info.plist */ = {isa = PBXFileReference; lastKnownFileType = text.plist.xml; path = Info.plist; sourceTree = "<group>"; };
/* End PBXFileReference section */

/* Begin PBXFrameworksBuildPhase section */
		8D00E6682374A21700DD72FA /* Frameworks */ = {
			isa = PBXFrameworksBuildPhase;
			buildActionMask = 2147483647;
			files = (
			);
			runOnlyForDeploymentPostprocessing = 0;
		};
/* End PBXFrameworksBuildPhase section */

/* Begin PBXGroup section */
		8D00E6622374A21700DD72FA = {
			isa = PBXGroup;
			children = (
				8D00E66D2374A21700DD72FA /* AutolayoutLab */,
				8D00E66C2374A21700DD72FA /* Products */,
			);
			sourceTree = "<group>";
		};
		8D00E66C2374A21700DD72FA /* Products */ = {
			isa = PBXGroup;
			children = (
				8D00E66B2374A21700DD72FA /* AutolayoutLab.app */,
			);
			name = Products;
			sourceTree = "<group>";
		};
		8D00E66D2374A21700DD72FA /* AutolayoutLab */ = {
			isa = PBXGroup;
			children = (
				8D00E66E2374A21700DD72FA /* AppDelegate.swift */,
				8D00E6702374A21700DD72FA /* SceneDelegate.swift */,
				8D00E6722374A21700DD72FA /* ViewController.swift */,
				8D00E6742374A21700DD72FA /* Main.storyboard */,
				8D00E6772374A21900DD72FA /* Assets.xcassets */,
				8D00E6792374A21900DD72FA /* LaunchScreen.storyboard */,
				8D00E67C2374A21900DD72FA /* Info.plist */,
			);
			path = AutolayoutLab;
			sourceTree = "<group>";
		};
/* End PBXGroup section */

/* Begin PBXNativeTarget section */
		8D00E66A2374A21700DD72FA /* AutolayoutLab */ = {
			isa = PBXNativeTarget;
			buildConfigurationList = 8D00E67F2374A21900DD72FA /* Build configuration list for PBXNativeTarget "AutolayoutLab" */;
			buildPhases = (
				8D00E6672374A21700DD72FA /* Sources */,
				8D00E6682374A21700DD72FA /* Frameworks */,
				8D00E6692374A21700DD72FA /* Resources */,
			);
			buildRules = (
			);
			dependencies = (
			);
			name = AutolayoutLab;
			productName = AutolayoutLab;
			productReference = 8D00E66B2374A21700DD72FA /* AutolayoutLab.app */;
			productType = "com.apple.product-type.application";
		};
/* End PBXNativeTarget section */

/* Begin PBXProject section */
		8D00E6632374A21700DD72FA /* Project object */ = {
			isa = PBXProject;
			attributes = {
				LastSwiftUpdateCheck = 1100;
				LastUpgradeCheck = 1100;
				ORGANIZATIONNAME = "Luba Kaper";
				TargetAttributes = {
					8D00E66A2374A21700DD72FA = {
						CreatedOnToolsVersion = 11.0;
					};
				};
			};
			buildConfigurationList = 8D00E6662374A21700DD72FA /* Build configuration list for PBXProject "AutolayoutLab" */;
			compatibilityVersion = "Xcode 9.3";
			developmentRegion = en;
			hasScannedForEncodings = 0;
			knownRegions = (
				en,
				Base,
			);
			mainGroup = 8D00E6622374A21700DD72FA;
			productRefGroup = 8D00E66C2374A21700DD72FA /* Products */;
			projectDirPath = "";
			projectRoot = "";
			targets = (
				8D00E66A2374A21700DD72FA /* AutolayoutLab */,
			);
		};
/* End PBXProject section */

/* Begin PBXResourcesBuildPhase section */
		8D00E6692374A21700DD72FA /* Resources */ = {
			isa = PBXResourcesBuildPhase;
			buildActionMask = 2147483647;
			files = (
				8D00E67B2374A21900DD72FA /* LaunchScreen.storyboard in Resources */,
				8D00E6782374A21900DD72FA /* Assets.xcassets in Resources */,
				8D00E6762374A21700DD72FA /* Main.storyboard in Resources */,
			);
			runOnlyForDeploymentPostprocessing = 0;
		};
/* End PBXResourcesBuildPhase section */

/* Begin PBXSourcesBuildPhase section */
		8D00E6672374A21700DD72FA /* Sources */ = {
			isa = PBXSourcesBuildPhase;
			buildActionMask = 2147483647;
			files = (
				8D00E6732374A21700DD72FA /* ViewController.swift in Sources */,
				8D00E66F2374A21700DD72FA /* AppDelegate.swift in Sources */,
				8D00E6712374A21700DD72FA /* SceneDelegate.swift in Sources */,
			);
			runOnlyForDeploymentPostprocessing = 0;
		};
/* End PBXSourcesBuildPhase section */

/* Begin PBXVariantGroup section */
		8D00E6742374A21700DD72FA /* Main.storyboard */ = {
			isa = PBXVariantGroup;
			children = (
				8D00E6752374A21700DD72FA /* Base */,
			);
			name = Main.storyboard;
			sourceTree = "<group>";
		};
		8D00E6792374A21900DD72FA /* LaunchScreen.storyboard */ = {
			isa = PBXVariantGroup;
			children = (
				8D00E67A2374A21900DD72FA /* Base */,
			);
			name = LaunchScreen.storyboard;
			sourceTree = "<group>";
		};
/* End PBXVariantGroup section */

/* Begin XCBuildConfiguration section */
		8D00E67D2374A21900DD72FA /* Debug */ = {
			isa = XCBuildConfiguration;
			buildSettings = {
				ALWAYS_SEARCH_USER_PATHS = NO;
				CLANG_ANALYZER_NONNULL = YES;
				CLANG_ANALYZER_NUMBER_OBJECT_CONVERSION = YES_AGGRESSIVE;
				CLANG_CXX_LANGUAGE_STANDARD = "gnu++14";
				CLANG_CXX_LIBRARY = "libc++";
				CLANG_ENABLE_MODULES = YES;
				CLANG_ENABLE_OBJC_ARC = YES;
				CLANG_ENABLE_OBJC_WEAK = YES;
				CLANG_WARN_BLOCK_CAPTURE_AUTORELEASING = YES;
				CLANG_WARN_BOOL_CONVERSION = YES;
				CLANG_WARN_COMMA = YES;
				CLANG_WARN_CONSTANT_CONVERSION = YES;
				CLANG_WARN_DEPRECATED_OBJC_IMPLEMENTATIONS = YES;
				CLANG_WARN_DIRECT_OBJC_ISA_USAGE = YES_ERROR;
				CLANG_WARN_DOCUMENTATION_COMMENTS = YES;
				CLANG_WARN_EMPTY_BODY = YES;
				CLANG_WARN_ENUM_CONVERSION = YES;
				CLANG_WARN_INFINITE_RECURSION = YES;
				CLANG_WARN_INT_CONVERSION = YES;
				CLANG_WARN_NON_LITERAL_NULL_CONVERSION = YES;
				CLANG_WARN_OBJC_IMPLICIT_RETAIN_SELF = YES;
				CLANG_WARN_OBJC_LITERAL_CONVERSION = YES;
				CLANG_WARN_OBJC_ROOT_CLASS = YES_ERROR;
				CLANG_WARN_RANGE_LOOP_ANALYSIS = YES;
				CLANG_WARN_STRICT_PROTOTYPES = YES;
				CLANG_WARN_SUSPICIOUS_MOVE = YES;
				CLANG_WARN_UNGUARDED_AVAILABILITY = YES_AGGRESSIVE;
				CLANG_WARN_UNREACHABLE_CODE = YES;
				CLANG_WARN__DUPLICATE_METHOD_MATCH = YES;
				COPY_PHASE_STRIP = NO;
				DEBUG_INFORMATION_FORMAT = dwarf;
				ENABLE_STRICT_OBJC_MSGSEND = YES;
				ENABLE_TESTABILITY = YES;
				GCC_C_LANGUAGE_STANDARD = gnu11;
				GCC_DYNAMIC_NO_PIC = NO;
				GCC_NO_COMMON_BLOCKS = YES;
				GCC_OPTIMIZATION_LEVEL = 0;
				GCC_PREPROCESSOR_DEFINITIONS = (
					"DEBUG=1",
					"$(inherited)",
				);
				GCC_WARN_64_TO_32_BIT_CONVERSION = YES;
				GCC_WARN_ABOUT_RETURN_TYPE = YES_ERROR;
				GCC_WARN_UNDECLARED_SELECTOR = YES;
				GCC_WARN_UNINITIALIZED_AUTOS = YES_AGGRESSIVE;
				GCC_WARN_UNUSED_FUNCTION = YES;
				GCC_WARN_UNUSED_VARIABLE = YES;
				IPHONEOS_DEPLOYMENT_TARGET = 13.0;
				MTL_ENABLE_DEBUG_INFO = INCLUDE_SOURCE;
				MTL_FAST_MATH = YES;
				ONLY_ACTIVE_ARCH = YES;
				SDKROOT = iphoneos;
				SWIFT_ACTIVE_COMPILATION_CONDITIONS = DEBUG;
				SWIFT_OPTIMIZATION_LEVEL = "-Onone";
			};
			name = Debug;
		};
		8D00E67E2374A21900DD72FA /* Release */ = {
			isa = XCBuildConfiguration;
			buildSettings = {
				ALWAYS_SEARCH_USER_PATHS = NO;
				CLANG_ANALYZER_NONNULL = YES;
				CLANG_ANALYZER_NUMBER_OBJECT_CONVERSION = YES_AGGRESSIVE;
				CLANG_CXX_LANGUAGE_STANDARD = "gnu++14";
				CLANG_CXX_LIBRARY = "libc++";
				CLANG_ENABLE_MODULES = YES;
				CLANG_ENABLE_OBJC_ARC = YES;
				CLANG_ENABLE_OBJC_WEAK = YES;
				CLANG_WARN_BLOCK_CAPTURE_AUTORELEASING = YES;
				CLANG_WARN_BOOL_CONVERSION = YES;
				CLANG_WARN_COMMA = YES;
				CLANG_WARN_CONSTANT_CONVERSION = YES;
				CLANG_WARN_DEPRECATED_OBJC_IMPLEMENTATIONS = YES;
				CLANG_WARN_DIRECT_OBJC_ISA_USAGE = YES_ERROR;
				CLANG_WARN_DOCUMENTATION_COMMENTS = YES;
				CLANG_WARN_EMPTY_BODY = YES;
				CLANG_WARN_ENUM_CONVERSION = YES;
				CLANG_WARN_INFINITE_RECURSION = YES;
				CLANG_WARN_INT_CONVERSION = YES;
				CLANG_WARN_NON_LITERAL_NULL_CONVERSION = YES;
				CLANG_WARN_OBJC_IMPLICIT_RETAIN_SELF = YES;
				CLANG_WARN_OBJC_LITERAL_CONVERSION = YES;
				CLANG_WARN_OBJC_ROOT_CLASS = YES_ERROR;
				CLANG_WARN_RANGE_LOOP_ANALYSIS = YES;
				CLANG_WARN_STRICT_PROTOTYPES = YES;
				CLANG_WARN_SUSPICIOUS_MOVE = YES;
				CLANG_WARN_UNGUARDED_AVAILABILITY = YES_AGGRESSIVE;
				CLANG_WARN_UNREACHABLE_CODE = YES;
				CLANG_WARN__DUPLICATE_METHOD_MATCH = YES;
				COPY_PHASE_STRIP = NO;
				DEBUG_INFORMATION_FORMAT = "dwarf-with-dsym";
				ENABLE_NS_ASSERTIONS = NO;
				ENABLE_STRICT_OBJC_MSGSEND = YES;
				GCC_C_LANGUAGE_STANDARD = gnu11;
				GCC_NO_COMMON_BLOCKS = YES;
				GCC_WARN_64_TO_32_BIT_CONVERSION = YES;
				GCC_WARN_ABOUT_RETURN_TYPE = YES_ERROR;
				GCC_WARN_UNDECLARED_SELECTOR = YES;
				GCC_WARN_UNINITIALIZED_AUTOS = YES_AGGRESSIVE;
				GCC_WARN_UNUSED_FUNCTION = YES;
				GCC_WARN_UNUSED_VARIABLE = YES;
				IPHONEOS_DEPLOYMENT_TARGET = 13.0;
				MTL_ENABLE_DEBUG_INFO = NO;
				MTL_FAST_MATH = YES;
				SDKROOT = iphoneos;
				SWIFT_COMPILATION_MODE = wholemodule;
				SWIFT_OPTIMIZATION_LEVEL = "-O";
				VALIDATE_PRODUCT = YES;
			};
			name = Release;
		};
		8D00E6802374A21900DD72FA /* Debug */ = {
			isa = XCBuildConfiguration;
			buildSettings = {
				ASSETCATALOG_COMPILER_APPICON_NAME = AppIcon;
				CODE_SIGN_STYLE = Automatic;
				DEVELOPMENT_TEAM = CNV924Q9C2;
				INFOPLIST_FILE = AutolayoutLab/Info.plist;
				LD_RUNPATH_SEARCH_PATHS = (
					"$(inherited)",
					"@executable_path/Frameworks",
				);
				PRODUCT_BUNDLE_IDENTIFIER = com.lubakaper.AutolayoutLab;
				PRODUCT_NAME = "$(TARGET_NAME)";
				SWIFT_VERSION = 5.0;
				TARGETED_DEVICE_FAMILY = "1,2";
			};
			name = Debug;
		};
		8D00E6812374A21900DD72FA /* Release */ = {
			isa = XCBuildConfiguration;
			buildSettings = {
				ASSETCATALOG_COMPILER_APPICON_NAME = AppIcon;
				CODE_SIGN_STYLE = Automatic;
				DEVELOPMENT_TEAM = CNV924Q9C2;
				INFOPLIST_FILE = AutolayoutLab/Info.plist;
				LD_RUNPATH_SEARCH_PATHS = (
					"$(inherited)",
					"@executable_path/Frameworks",
				);
				PRODUCT_BUNDLE_IDENTIFIER = com.lubakaper.AutolayoutLab;
				PRODUCT_NAME = "$(TARGET_NAME)";
				SWIFT_VERSION = 5.0;
				TARGETED_DEVICE_FAMILY = "1,2";
			};
			name = Release;
		};
/* End XCBuildConfiguration section */

/* Begin XCConfigurationList section */
		8D00E6662374A21700DD72FA /* Build configuration list for PBXProject "AutolayoutLab" */ = {
			isa = XCConfigurationList;
			buildConfigurations = (
				8D00E67D2374A21900DD72FA /* Debug */,
				8D00E67E2374A21900DD72FA /* Release */,
			);
			defaultConfigurationIsVisible = 0;
			defaultConfigurationName = Release;
		};
		8D00E67F2374A21900DD72FA /* Build configuration list for PBXNativeTarget "AutolayoutLab" */ = {
			isa = XCConfigurationList;
			buildConfigurations = (
				8D00E6802374A21900DD72FA /* Debug */,
				8D00E6812374A21900DD72FA /* Release */,
			);
			defaultConfigurationIsVisible = 0;
			defaultConfigurationName = Release;
		};
/* End XCConfigurationList section */
	};
	rootObject = 8D00E6632374A21700DD72FA /* Project object */;
}
